
Microsoft Visual Studio Solution File, Format Version 12.00
# Visual Studio Version 17
VisualStudioVersion = 17.4.33122.133
MinimumVisualStudioVersion = 10.0.40219.1
Project("{9A19103F-16F7-4668-BE54-9A1E7A4F7556}") = "AlbertHeijnSynthesis", "AlbertHeijnSynthesis\AlbertHeijnSynthesis.csproj", "{A6FAA11B-1558-4D5A-89D5-C456773C6190}"
EndProject
Project("{9A19103F-16F7-4668-BE54-9A1E7A4F7556}") = "LogicLayer", "LogicLayer\LogicLayer.csproj", "{AA4D4DEB-A719-4BE5-B9A4-E7BA222D15FA}"
EndProject
Project("{9A19103F-16F7-4668-BE54-9A1E7A4F7556}") = "EntitiesLayer", "EntitiesLayer\EntitiesLayer.csproj", "{A1341323-D771-4D8C-8CDA-3F3A565E0511}"
EndProject
Project("{9A19103F-16F7-4668-BE54-9A1E7A4F7556}") = "DBlayer", "DBlayer\DBlayer.csproj", "{5B20EC9D-EB44-4B24-BDCA-B70E9388A080}"
EndProject
Project("{9A19103F-16F7-4668-BE54-9A1E7A4F7556}") = "WebApp", "WebApp\WebApp.csproj", "{DD1E07C7-2A13-43F1-9F18-3F229304D47E}"
EndProject
Project("{2150E333-8FDC-42A3-9474-1A3956D46DE8}") = "Solution Items", "Solution Items", "{9D466C6C-6B00-410D-B73A-71EECB0FB4D2}"
	ProjectSection(SolutionItems) = preProject
		.editorconfig = .editorconfig
	EndProjectSection
EndProject
Project("{FAE04EC0-301F-11D3-BF4B-00C04F79EFBC}") = "TestUsers", "UsersTest\TestUsers.csproj", "{B9289629-4719-49E2-AC94-53A26D19103F}"
EndProject
Project("{FAE04EC0-301F-11D3-BF4B-00C04F79EFBC}") = "TestLogin", "TestLogin\TestLogin.csproj", "{5BE4FDDA-27FA-4242-9916-5602F679F962}"
EndProject
Global
	GlobalSection(SolutionConfigurationPlatforms) = preSolution
		Debug|Any CPU = Debug|Any CPU
		Release|Any CPU = Release|Any CPU
	EndGlobalSection
	GlobalSection(ProjectConfigurationPlatforms) = postSolution
		{A6FAA11B-1558-4D5A-89D5-C456773C6190}.Debug|Any CPU.ActiveCfg = Debug|Any CPU
		{A6FAA11B-1558-4D5A-89D5-C456773C6190}.Debug|Any CPU.Build.0 = Debug|Any CPU
		{A6FAA11B-1558-4D5A-89D5-C456773C6190}.Release|Any CPU.ActiveCfg = Release|Any CPU
		{A6FAA11B-1558-4D5A-89D5-C456773C6190}.Release|Any CPU.Build.0 = Release|Any CPU
		{AA4D4DEB-A719-4BE5-B9A4-E7BA222D15FA}.Debug|Any CPU.ActiveCfg = Debug|Any CPU
		{AA4D4DEB-A719-4BE5-B9A4-E7BA222D15FA}.Debug|Any CPU.Build.0 = Debug|Any CPU
		{AA4D4DEB-A719-4BE5-B9A4-E7BA222D15FA}.Release|Any CPU.ActiveCfg = Release|Any CPU
		{AA4D4DEB-A719-4BE5-B9A4-E7BA222D15FA}.Release|Any CPU.Build.0 = Release|Any CPU
		{A1341323-D771-4D8C-8CDA-3F3A565E0511}.Debug|Any CPU.ActiveCfg = Debug|Any CPU
		{A1341323-D771-4D8C-8CDA-3F3A565E0511}.Debug|Any CPU.Build.0 = Debug|Any CPU
		{A1341323-D771-4D8C-8CDA-3F3A565E0511}.Release|Any CPU.ActiveCfg = Release|Any CPU
		{A1341323-D771-4D8C-8CDA-3F3A565E0511}.Release|Any CPU.Build.0 = Release|Any CPU
		{5B20EC9D-EB44-4B24-BDCA-B70E9388A080}.Debug|Any CPU.ActiveCfg = Debug|Any CPU
		{5B20EC9D-EB44-4B24-BDCA-B70E9388A080}.Debug|Any CPU.Build.0 = Debug|Any CPU
		{5B20EC9D-EB44-4B24-BDCA-B70E9388A080}.Release|Any CPU.ActiveCfg = Release|Any CPU
		{5B20EC9D-EB44-4B24-BDCA-B70E9388A080}.Release|Any CPU.Build.0 = Release|Any CPU
		{DD1E07C7-2A13-43F1-9F18-3F229304D47E}.Debug|Any CPU.ActiveCfg = Debug|Any CPU
		{DD1E07C7-2A13-43F1-9F18-3F229304D47E}.Debug|Any CPU.Build.0 = Debug|Any CPU
		{DD1E07C7-2A13-43F1-9F18-3F229304D47E}.Release|Any CPU.ActiveCfg = Release|Any CPU
		{DD1E07C7-2A13-43F1-9F18-3F229304D47E}.Release|Any CPU.Build.0 = Release|Any CPU
		{B9289629-4719-49E2-AC94-53A26D19103F}.Debug|Any CPU.ActiveCfg = Debug|Any CPU
		{B9289629-4719-49E2-AC94-53A26D19103F}.Debug|Any CPU.Build.0 = Debug|Any CPU
		{B9289629-4719-49E2-AC94-53A26D19103F}.Release|Any CPU.ActiveCfg = Release|Any CPU
		{B9289629-4719-49E2-AC94-53A26D19103F}.Release|Any CPU.Build.0 = Release|Any CPU
		{5BE4FDDA-27FA-4242-9916-5602F679F962}.Debug|Any CPU.ActiveCfg = Debug|Any CPU
		{5BE4FDDA-27FA-4242-9916-5602F679F962}.Debug|Any CPU.Build.0 = Debug|Any CPU
		{5BE4FDDA-27FA-4242-9916-5602F679F962}.Release|Any CPU.ActiveCfg = Release|Any CPU
		{5BE4FDDA-27FA-4242-9916-5602F679F962}.Release|Any CPU.Build.0 = Release|Any CPU
	EndGlobalSection
	GlobalSection(SolutionProperties) = preSolution
		HideSolutionNode = FALSE
	EndGlobalSection
	GlobalSection(ExtensibilityGlobals) = postSolution
		SolutionGuid = {5EAD0418-549E-4C50-8C54-91AC75BD6D8E}
	EndGlobalSection
EndGlobal
