
Microsoft Visual Studio Solution File, Format Version 12.00
# Visual Studio Version 17
VisualStudioVersion = 17.4.33122.133
MinimumVisualStudioVersion = 10.0.40219.1
Project("{9A19103F-16F7-4668-BE54-9A1E7A4F7556}") = "PresentationLayer", "PresentationLayer.csproj", "{38AD8DA1-0FA0-4F77-9677-AF53FCF96D4B}"
EndProject
Project("{9A19103F-16F7-4668-BE54-9A1E7A4F7556}") = "WebAppSynthesis", "..\WebAppSynthesis\WebAppSynthesis.csproj", "{9D3791FD-DA48-4C86-92BB-1B80C231CC9F}"
EndProject
Project("{9A19103F-16F7-4668-BE54-9A1E7A4F7556}") = "EntitiesLayer", "..\LogicLayer\EntitiesLayer.csproj", "{A3B20504-35CE-402D-9FDF-4E665BEDD85A}"
EndProject
Project("{9A19103F-16F7-4668-BE54-9A1E7A4F7556}") = "DBlayer", "..\DBlayer\DBlayer.csproj", "{CE26E1D9-88F4-474E-B7D0-FDD80834221A}"
EndProject
Project("{9A19103F-16F7-4668-BE54-9A1E7A4F7556}") = "BusinessLayer", "..\BusinessLayer\BusinessLayer.csproj", "{5F3B19DF-6E3F-4259-9E94-D77BEC23B522}"
EndProject
Project("{2150E333-8FDC-42A3-9474-1A3956D46DE8}") = "Solution Items", "Solution Items", "{BF3E7D5A-0BA8-40B9-B7C7-E1AF39D6C507}"
	ProjectSection(SolutionItems) = preProject
		.editorconfig = .editorconfig
	EndProjectSection
EndProject
Global
	GlobalSection(SolutionConfigurationPlatforms) = preSolution
		Debug|Any CPU = Debug|Any CPU
		Release|Any CPU = Release|Any CPU
	EndGlobalSection
	GlobalSection(ProjectConfigurationPlatforms) = postSolution
		{38AD8DA1-0FA0-4F77-9677-AF53FCF96D4B}.Debug|Any CPU.ActiveCfg = Debug|Any CPU
		{38AD8DA1-0FA0-4F77-9677-AF53FCF96D4B}.Debug|Any CPU.Build.0 = Debug|Any CPU
		{38AD8DA1-0FA0-4F77-9677-AF53FCF96D4B}.Release|Any CPU.ActiveCfg = Release|Any CPU
		{38AD8DA1-0FA0-4F77-9677-AF53FCF96D4B}.Release|Any CPU.Build.0 = Release|Any CPU
		{9D3791FD-DA48-4C86-92BB-1B80C231CC9F}.Debug|Any CPU.ActiveCfg = Debug|Any CPU
		{9D3791FD-DA48-4C86-92BB-1B80C231CC9F}.Debug|Any CPU.Build.0 = Debug|Any CPU
		{9D3791FD-DA48-4C86-92BB-1B80C231CC9F}.Release|Any CPU.ActiveCfg = Release|Any CPU
		{9D3791FD-DA48-4C86-92BB-1B80C231CC9F}.Release|Any CPU.Build.0 = Release|Any CPU
		{A3B20504-35CE-402D-9FDF-4E665BEDD85A}.Debug|Any CPU.ActiveCfg = Debug|Any CPU
		{A3B20504-35CE-402D-9FDF-4E665BEDD85A}.Debug|Any CPU.Build.0 = Debug|Any CPU
		{A3B20504-35CE-402D-9FDF-4E665BEDD85A}.Release|Any CPU.ActiveCfg = Release|Any CPU
		{A3B20504-35CE-402D-9FDF-4E665BEDD85A}.Release|Any CPU.Build.0 = Release|Any CPU
		{CE26E1D9-88F4-474E-B7D0-FDD80834221A}.Debug|Any CPU.ActiveCfg = Debug|Any CPU
		{CE26E1D9-88F4-474E-B7D0-FDD80834221A}.Debug|Any CPU.Build.0 = Debug|Any CPU
		{CE26E1D9-88F4-474E-B7D0-FDD80834221A}.Release|Any CPU.ActiveCfg = Release|Any CPU
		{CE26E1D9-88F4-474E-B7D0-FDD80834221A}.Release|Any CPU.Build.0 = Release|Any CPU
		{5F3B19DF-6E3F-4259-9E94-D77BEC23B522}.Debug|Any CPU.ActiveCfg = Debug|Any CPU
		{5F3B19DF-6E3F-4259-9E94-D77BEC23B522}.Debug|Any CPU.Build.0 = Debug|Any CPU
		{5F3B19DF-6E3F-4259-9E94-D77BEC23B522}.Release|Any CPU.ActiveCfg = Release|Any CPU
		{5F3B19DF-6E3F-4259-9E94-D77BEC23B522}.Release|Any CPU.Build.0 = Release|Any CPU
	EndGlobalSection
	GlobalSection(SolutionProperties) = preSolution
		HideSolutionNode = FALSE
	EndGlobalSection
	GlobalSection(ExtensibilityGlobals) = postSolution
		SolutionGuid = {1FDC8144-7124-467D-852D-C020A7515181}
	EndGlobalSection
EndGlobal
